// !$*UTF8*$!
{
	archiveVersion = 1;
	classes = {
	};
	objectVersion = 56;
	objects = {

/* Begin PBXBuildFile section */
		C00AF1DE2C1FF6D100733BD8 /* GetItModule.swift in Sources */ = {isa = PBXBuildFile; fileRef = C00AF1DD2C1FF6D100733BD8 /* GetItModule.swift */; };
		C00AF1E12C1FFB9500733BD8 /* StoryEntity.swift in Sources */ = {isa = PBXBuildFile; fileRef = C00AF1E02C1FFB9500733BD8 /* StoryEntity.swift */; };
		C00AF1E32C1FFBA800733BD8 /* TranslationEntity.swift in Sources */ = {isa = PBXBuildFile; fileRef = C00AF1E22C1FFBA800733BD8 /* TranslationEntity.swift */; };
		C00AF1E62C1FFC3F00733BD8 /* StoryMapper.swift in Sources */ = {isa = PBXBuildFile; fileRef = C00AF1E52C1FFC3F00733BD8 /* StoryMapper.swift */; };
		C00AF1E82C1FFC8D00733BD8 /* TranslationMapper.swift in Sources */ = {isa = PBXBuildFile; fileRef = C00AF1E72C1FFC8D00733BD8 /* TranslationMapper.swift */; };
		C00AF1F32C20081D00733BD8 /* StoryMapperTest.swift in Sources */ = {isa = PBXBuildFile; fileRef = C00AF1F22C20081D00733BD8 /* StoryMapperTest.swift */; };
		C00AF1F52C2009F400733BD8 /* TranslationMapperTest.swift in Sources */ = {isa = PBXBuildFile; fileRef = C00AF1F42C2009F400733BD8 /* TranslationMapperTest.swift */; };
		C00AF1F82C200A6D00733BD8 /* GetStoriesUseCaseTest.swift in Sources */ = {isa = PBXBuildFile; fileRef = C00AF1F72C200A6D00733BD8 /* GetStoriesUseCaseTest.swift */; };
		C00AF1FB2C200D1700733BD8 /* MockSwift in Frameworks */ = {isa = PBXBuildFile; productRef = C00AF1FA2C200D1700733BD8 /* MockSwift */; };
		C00AF1FE2C200F2F00733BD8 /* MockSwift.stencil in Resources */ = {isa = PBXBuildFile; fileRef = C00AF1FD2C200F2F00733BD8 /* MockSwift.stencil */; };
		C00AF2002C200F7E00733BD8 /* GeneratedMocks.swift in Sources */ = {isa = PBXBuildFile; fileRef = C00AF1FF2C200F7E00733BD8 /* GeneratedMocks.swift */; };
		C00AF2022C20190300733BD8 /* Localizable.xcstrings in Resources */ = {isa = PBXBuildFile; fileRef = C00AF2012C20190300733BD8 /* Localizable.xcstrings */; };
		C00AF2042C201C3100733BD8 /* BrowseStoriesViewModelTest.swift in Sources */ = {isa = PBXBuildFile; fileRef = C00AF2032C201C3100733BD8 /* BrowseStoriesViewModelTest.swift */; };
		C00AF2062C22131A00733BD8 /* ViewStoryViewModelTest.swift in Sources */ = {isa = PBXBuildFile; fileRef = C00AF2052C22131A00733BD8 /* ViewStoryViewModelTest.swift */; };
		C00AF2082C2215DA00733BD8 /* XCTestCaseExtension.swift in Sources */ = {isa = PBXBuildFile; fileRef = C00AF2072C2215DA00733BD8 /* XCTestCaseExtension.swift */; };
		C00AF20C2C240B8200733BD8 /* GetStoryUseCaseTest.swift in Sources */ = {isa = PBXBuildFile; fileRef = C00AF20B2C240B8200733BD8 /* GetStoryUseCaseTest.swift */; };
		C00AF20E2C240B9900733BD8 /* AddStoryUseCaseTest.swift in Sources */ = {isa = PBXBuildFile; fileRef = C00AF20D2C240B9900733BD8 /* AddStoryUseCaseTest.swift */; };
		C00AF2102C240BA900733BD8 /* RemoveStoryUseCaseTest.swift in Sources */ = {isa = PBXBuildFile; fileRef = C00AF20F2C240BA900733BD8 /* RemoveStoryUseCaseTest.swift */; };
		C00AF2122C240BBA00733BD8 /* GetLanguagesUseCaseTest.swift in Sources */ = {isa = PBXBuildFile; fileRef = C00AF2112C240BBA00733BD8 /* GetLanguagesUseCaseTest.swift */; };
		C00AF2142C240BCA00733BD8 /* TranslateTextUseCaseTest.swift in Sources */ = {isa = PBXBuildFile; fileRef = C00AF2132C240BCA00733BD8 /* TranslateTextUseCaseTest.swift */; };
		C00AF2162C240BDE00733BD8 /* AddStoryTranslationUseCaseTest.swift in Sources */ = {isa = PBXBuildFile; fileRef = C00AF2152C240BDE00733BD8 /* AddStoryTranslationUseCaseTest.swift */; };
		C00AF2182C24122B00733BD8 /* AddStoryViewModelTest.swift in Sources */ = {isa = PBXBuildFile; fileRef = C00AF2172C24122B00733BD8 /* AddStoryViewModelTest.swift */; };
		C09A8A282C1866DE004DFFF6 /* StorytellerApp.swift in Sources */ = {isa = PBXBuildFile; fileRef = C09A8A272C1866DE004DFFF6 /* StorytellerApp.swift */; };
		C09A8A2E2C1866DF004DFFF6 /* Assets.xcassets in Resources */ = {isa = PBXBuildFile; fileRef = C09A8A2D2C1866DF004DFFF6 /* Assets.xcassets */; };
		C09A8A312C1866DF004DFFF6 /* Preview Assets.xcassets in Resources */ = {isa = PBXBuildFile; fileRef = C09A8A302C1866DF004DFFF6 /* Preview Assets.xcassets */; };
		C09A8A452C1866E0004DFFF6 /* storytellerUITests.swift in Sources */ = {isa = PBXBuildFile; fileRef = C09A8A442C1866E0004DFFF6 /* storytellerUITests.swift */; };
		C09A8A472C1866E0004DFFF6 /* storytellerUITestsLaunchTests.swift in Sources */ = {isa = PBXBuildFile; fileRef = C09A8A462C1866E0004DFFF6 /* storytellerUITestsLaunchTests.swift */; };
		C09A8A592C1868F4004DFFF6 /* Story.swift in Sources */ = {isa = PBXBuildFile; fileRef = C09A8A582C1868F4004DFFF6 /* Story.swift */; };
		C09A8A5B2C186AB8004DFFF6 /* StoryTranslation.swift in Sources */ = {isa = PBXBuildFile; fileRef = C09A8A5A2C186AB8004DFFF6 /* StoryTranslation.swift */; };
		C09A8A5D2C186B9B004DFFF6 /* GetStoriesUseCase.swift in Sources */ = {isa = PBXBuildFile; fileRef = C09A8A5C2C186B9B004DFFF6 /* GetStoriesUseCase.swift */; };
		C09A8A602C186BB8004DFFF6 /* StoriesDataSource.swift in Sources */ = {isa = PBXBuildFile; fileRef = C09A8A5F2C186BB8004DFFF6 /* StoriesDataSource.swift */; };
		C09A8A622C187132004DFFF6 /* GetStoryUseCase.swift in Sources */ = {isa = PBXBuildFile; fileRef = C09A8A612C187132004DFFF6 /* GetStoryUseCase.swift */; };
		C09A8A642C187207004DFFF6 /* AddStoryUseCase.swift in Sources */ = {isa = PBXBuildFile; fileRef = C09A8A632C187207004DFFF6 /* AddStoryUseCase.swift */; };
		C09A8A6D2C1EC3F1004DFFF6 /* RemoveStoryUseCase.swift in Sources */ = {isa = PBXBuildFile; fileRef = C09A8A6C2C1EC3F1004DFFF6 /* RemoveStoryUseCase.swift */; };
		C09A8A6F2C1EC8CF004DFFF6 /* BrowseStoriesScreen.swift in Sources */ = {isa = PBXBuildFile; fileRef = C09A8A6E2C1EC8CF004DFFF6 /* BrowseStoriesScreen.swift */; };
		C09A8A712C1EC8E8004DFFF6 /* BrowseStoriesViewModel.swift in Sources */ = {isa = PBXBuildFile; fileRef = C09A8A702C1EC8E8004DFFF6 /* BrowseStoriesViewModel.swift */; };
		C09A8A732C1EEE68004DFFF6 /* AddStoryScreen.swift in Sources */ = {isa = PBXBuildFile; fileRef = C09A8A722C1EEE68004DFFF6 /* AddStoryScreen.swift */; };
		C09A8A752C1EEE7E004DFFF6 /* AddStoryViewModel.swift in Sources */ = {isa = PBXBuildFile; fileRef = C09A8A742C1EEE7E004DFFF6 /* AddStoryViewModel.swift */; };
		C09A8A772C1EEEAC004DFFF6 /* BrowseStoriesState.swift in Sources */ = {isa = PBXBuildFile; fileRef = C09A8A762C1EEEAC004DFFF6 /* BrowseStoriesState.swift */; };
		C09A8A792C1EEF33004DFFF6 /* AddStoryState.swift in Sources */ = {isa = PBXBuildFile; fileRef = C09A8A782C1EEF33004DFFF6 /* AddStoryState.swift */; };
		C09A8A7B2C1EF74C004DFFF6 /* GoRouter.swift in Sources */ = {isa = PBXBuildFile; fileRef = C09A8A7A2C1EF74C004DFFF6 /* GoRouter.swift */; };
		C09A8A812C1F03A6004DFFF6 /* ViewStoryScreen.swift in Sources */ = {isa = PBXBuildFile; fileRef = C09A8A802C1F03A6004DFFF6 /* ViewStoryScreen.swift */; };
		C09A8A832C1F03C0004DFFF6 /* ViewStoryState.swift in Sources */ = {isa = PBXBuildFile; fileRef = C09A8A822C1F03C0004DFFF6 /* ViewStoryState.swift */; };
		C09A8A852C1F03CA004DFFF6 /* ViewStoryViewModel.swift in Sources */ = {isa = PBXBuildFile; fileRef = C09A8A842C1F03CA004DFFF6 /* ViewStoryViewModel.swift */; };
		C09A8A8A2C1F15F3004DFFF6 /* GetIt.swift in Sources */ = {isa = PBXBuildFile; fileRef = C09A8A892C1F15F3004DFFF6 /* GetIt.swift */; };
		C09A8A8C2C1F1DE5004DFFF6 /* ViewStoryRoute.swift in Sources */ = {isa = PBXBuildFile; fileRef = C09A8A8B2C1F1DE5004DFFF6 /* ViewStoryRoute.swift */; };
		C09A8A8E2C1F1E01004DFFF6 /* BrowseStoriesRoute.swift in Sources */ = {isa = PBXBuildFile; fileRef = C09A8A8D2C1F1E01004DFFF6 /* BrowseStoriesRoute.swift */; };
		C09A8A902C1F1E1B004DFFF6 /* AddStoryRoute.swift in Sources */ = {isa = PBXBuildFile; fileRef = C09A8A8F2C1F1E1B004DFFF6 /* AddStoryRoute.swift */; };
		C09A8A922C1F3AA8004DFFF6 /* Logger.swift in Sources */ = {isa = PBXBuildFile; fileRef = C09A8A912C1F3AA8004DFFF6 /* Logger.swift */; };
		C09A8A952C1F3ED9004DFFF6 /* StoryItem.swift in Sources */ = {isa = PBXBuildFile; fileRef = C09A8A942C1F3ED9004DFFF6 /* StoryItem.swift */; };
		C09A8A972C1F3F2D004DFFF6 /* ErrorView.swift in Sources */ = {isa = PBXBuildFile; fileRef = C09A8A962C1F3F2D004DFFF6 /* ErrorView.swift */; };
		C09A8A992C1F4246004DFFF6 /* StoriesDataSourceImpl.swift in Sources */ = {isa = PBXBuildFile; fileRef = C09A8A982C1F4246004DFFF6 /* StoriesDataSourceImpl.swift */; };
		C09A8A9B2C1F4BB8004DFFF6 /* GetLanguagesUseCase.swift in Sources */ = {isa = PBXBuildFile; fileRef = C09A8A9A2C1F4BB8004DFFF6 /* GetLanguagesUseCase.swift */; };
		C09A8A9E2C1F56DC004DFFF6 /* OllamaService.swift in Sources */ = {isa = PBXBuildFile; fileRef = C09A8A9D2C1F56DC004DFFF6 /* OllamaService.swift */; };
		C09A8AA02C1F58C6004DFFF6 /* TranslateTextUseCase.swift in Sources */ = {isa = PBXBuildFile; fileRef = C09A8A9F2C1F58C6004DFFF6 /* TranslateTextUseCase.swift */; };
		C09A8AA22C1F5B1E004DFFF6 /* AddStoryTranslationUseCase.swift in Sources */ = {isa = PBXBuildFile; fileRef = C09A8AA12C1F5B1E004DFFF6 /* AddStoryTranslationUseCase.swift */; };
/* End PBXBuildFile section */

/* Begin PBXContainerItemProxy section */
		C09A8A372C1866E0004DFFF6 /* PBXContainerItemProxy */ = {
			isa = PBXContainerItemProxy;
			containerPortal = C09A8A1C2C1866DE004DFFF6 /* Project object */;
			proxyType = 1;
			remoteGlobalIDString = C09A8A232C1866DE004DFFF6;
			remoteInfo = storyteller;
		};
		C09A8A412C1866E0004DFFF6 /* PBXContainerItemProxy */ = {
			isa = PBXContainerItemProxy;
			containerPortal = C09A8A1C2C1866DE004DFFF6 /* Project object */;
			proxyType = 1;
			remoteGlobalIDString = C09A8A232C1866DE004DFFF6;
			remoteInfo = storyteller;
		};
/* End PBXContainerItemProxy section */

/* Begin PBXFileReference section */
		C00AF1DD2C1FF6D100733BD8 /* GetItModule.swift */ = {isa = PBXFileReference; lastKnownFileType = sourcecode.swift; path = GetItModule.swift; sourceTree = "<group>"; };
		C00AF1E02C1FFB9500733BD8 /* StoryEntity.swift */ = {isa = PBXFileReference; lastKnownFileType = sourcecode.swift; path = StoryEntity.swift; sourceTree = "<group>"; };
		C00AF1E22C1FFBA800733BD8 /* TranslationEntity.swift */ = {isa = PBXFileReference; lastKnownFileType = sourcecode.swift; path = TranslationEntity.swift; sourceTree = "<group>"; };
		C00AF1E52C1FFC3F00733BD8 /* StoryMapper.swift */ = {isa = PBXFileReference; lastKnownFileType = sourcecode.swift; path = StoryMapper.swift; sourceTree = "<group>"; };
		C00AF1E72C1FFC8D00733BD8 /* TranslationMapper.swift */ = {isa = PBXFileReference; lastKnownFileType = sourcecode.swift; path = TranslationMapper.swift; sourceTree = "<group>"; };
		C00AF1F22C20081D00733BD8 /* StoryMapperTest.swift */ = {isa = PBXFileReference; lastKnownFileType = sourcecode.swift; path = StoryMapperTest.swift; sourceTree = "<group>"; };
		C00AF1F42C2009F400733BD8 /* TranslationMapperTest.swift */ = {isa = PBXFileReference; lastKnownFileType = sourcecode.swift; path = TranslationMapperTest.swift; sourceTree = "<group>"; };
		C00AF1F72C200A6D00733BD8 /* GetStoriesUseCaseTest.swift */ = {isa = PBXFileReference; lastKnownFileType = sourcecode.swift; path = GetStoriesUseCaseTest.swift; sourceTree = "<group>"; };
		C00AF1FD2C200F2F00733BD8 /* MockSwift.stencil */ = {isa = PBXFileReference; fileEncoding = 4; lastKnownFileType = text; path = MockSwift.stencil; sourceTree = "<group>"; };
		C00AF1FF2C200F7E00733BD8 /* GeneratedMocks.swift */ = {isa = PBXFileReference; fileEncoding = 4; lastKnownFileType = sourcecode.swift; path = GeneratedMocks.swift; sourceTree = "<group>"; };
		C00AF2012C20190300733BD8 /* Localizable.xcstrings */ = {isa = PBXFileReference; lastKnownFileType = text.json.xcstrings; path = Localizable.xcstrings; sourceTree = "<group>"; };
		C00AF2032C201C3100733BD8 /* BrowseStoriesViewModelTest.swift */ = {isa = PBXFileReference; lastKnownFileType = sourcecode.swift; path = BrowseStoriesViewModelTest.swift; sourceTree = "<group>"; };
		C00AF2052C22131A00733BD8 /* ViewStoryViewModelTest.swift */ = {isa = PBXFileReference; lastKnownFileType = sourcecode.swift; path = ViewStoryViewModelTest.swift; sourceTree = "<group>"; };
		C00AF2072C2215DA00733BD8 /* XCTestCaseExtension.swift */ = {isa = PBXFileReference; lastKnownFileType = sourcecode.swift; path = XCTestCaseExtension.swift; sourceTree = "<group>"; };
		C00AF20B2C240B8200733BD8 /* GetStoryUseCaseTest.swift */ = {isa = PBXFileReference; lastKnownFileType = sourcecode.swift; path = GetStoryUseCaseTest.swift; sourceTree = "<group>"; };
		C00AF20D2C240B9900733BD8 /* AddStoryUseCaseTest.swift */ = {isa = PBXFileReference; lastKnownFileType = sourcecode.swift; path = AddStoryUseCaseTest.swift; sourceTree = "<group>"; };
		C00AF20F2C240BA900733BD8 /* RemoveStoryUseCaseTest.swift */ = {isa = PBXFileReference; lastKnownFileType = sourcecode.swift; path = RemoveStoryUseCaseTest.swift; sourceTree = "<group>"; };
		C00AF2112C240BBA00733BD8 /* GetLanguagesUseCaseTest.swift */ = {isa = PBXFileReference; lastKnownFileType = sourcecode.swift; path = GetLanguagesUseCaseTest.swift; sourceTree = "<group>"; };
		C00AF2132C240BCA00733BD8 /* TranslateTextUseCaseTest.swift */ = {isa = PBXFileReference; lastKnownFileType = sourcecode.swift; path = TranslateTextUseCaseTest.swift; sourceTree = "<group>"; };
		C00AF2152C240BDE00733BD8 /* AddStoryTranslationUseCaseTest.swift */ = {isa = PBXFileReference; lastKnownFileType = sourcecode.swift; path = AddStoryTranslationUseCaseTest.swift; sourceTree = "<group>"; };
		C00AF2172C24122B00733BD8 /* AddStoryViewModelTest.swift */ = {isa = PBXFileReference; lastKnownFileType = sourcecode.swift; path = AddStoryViewModelTest.swift; sourceTree = "<group>"; };
		C09A8A242C1866DE004DFFF6 /* storyteller.app */ = {isa = PBXFileReference; explicitFileType = wrapper.application; includeInIndex = 0; path = storyteller.app; sourceTree = BUILT_PRODUCTS_DIR; };
		C09A8A272C1866DE004DFFF6 /* StorytellerApp.swift */ = {isa = PBXFileReference; lastKnownFileType = sourcecode.swift; path = StorytellerApp.swift; sourceTree = "<group>"; };
		C09A8A2D2C1866DF004DFFF6 /* Assets.xcassets */ = {isa = PBXFileReference; lastKnownFileType = folder.assetcatalog; path = Assets.xcassets; sourceTree = "<group>"; };
		C09A8A302C1866DF004DFFF6 /* Preview Assets.xcassets */ = {isa = PBXFileReference; lastKnownFileType = folder.assetcatalog; path = "Preview Assets.xcassets"; sourceTree = "<group>"; };
		C09A8A362C1866E0004DFFF6 /* storytellerTests.xctest */ = {isa = PBXFileReference; explicitFileType = wrapper.cfbundle; includeInIndex = 0; path = storytellerTests.xctest; sourceTree = BUILT_PRODUCTS_DIR; };
		C09A8A402C1866E0004DFFF6 /* storytellerUITests.xctest */ = {isa = PBXFileReference; explicitFileType = wrapper.cfbundle; includeInIndex = 0; path = storytellerUITests.xctest; sourceTree = BUILT_PRODUCTS_DIR; };
		C09A8A442C1866E0004DFFF6 /* storytellerUITests.swift */ = {isa = PBXFileReference; lastKnownFileType = sourcecode.swift; path = storytellerUITests.swift; sourceTree = "<group>"; };
		C09A8A462C1866E0004DFFF6 /* storytellerUITestsLaunchTests.swift */ = {isa = PBXFileReference; lastKnownFileType = sourcecode.swift; path = storytellerUITestsLaunchTests.swift; sourceTree = "<group>"; };
		C09A8A582C1868F4004DFFF6 /* Story.swift */ = {isa = PBXFileReference; lastKnownFileType = sourcecode.swift; path = Story.swift; sourceTree = "<group>"; };
		C09A8A5A2C186AB8004DFFF6 /* StoryTranslation.swift */ = {isa = PBXFileReference; lastKnownFileType = sourcecode.swift; path = StoryTranslation.swift; sourceTree = "<group>"; };
		C09A8A5C2C186B9B004DFFF6 /* GetStoriesUseCase.swift */ = {isa = PBXFileReference; lastKnownFileType = sourcecode.swift; path = GetStoriesUseCase.swift; sourceTree = "<group>"; };
		C09A8A5F2C186BB8004DFFF6 /* StoriesDataSource.swift */ = {isa = PBXFileReference; lastKnownFileType = sourcecode.swift; path = StoriesDataSource.swift; sourceTree = "<group>"; };
		C09A8A612C187132004DFFF6 /* GetStoryUseCase.swift */ = {isa = PBXFileReference; lastKnownFileType = sourcecode.swift; path = GetStoryUseCase.swift; sourceTree = "<group>"; };
		C09A8A632C187207004DFFF6 /* AddStoryUseCase.swift */ = {isa = PBXFileReference; lastKnownFileType = sourcecode.swift; path = AddStoryUseCase.swift; sourceTree = "<group>"; };
		C09A8A6C2C1EC3F1004DFFF6 /* RemoveStoryUseCase.swift */ = {isa = PBXFileReference; lastKnownFileType = sourcecode.swift; path = RemoveStoryUseCase.swift; sourceTree = "<group>"; };
		C09A8A6E2C1EC8CF004DFFF6 /* BrowseStoriesScreen.swift */ = {isa = PBXFileReference; lastKnownFileType = sourcecode.swift; path = BrowseStoriesScreen.swift; sourceTree = "<group>"; };
		C09A8A702C1EC8E8004DFFF6 /* BrowseStoriesViewModel.swift */ = {isa = PBXFileReference; lastKnownFileType = sourcecode.swift; path = BrowseStoriesViewModel.swift; sourceTree = "<group>"; };
		C09A8A722C1EEE68004DFFF6 /* AddStoryScreen.swift */ = {isa = PBXFileReference; lastKnownFileType = sourcecode.swift; path = AddStoryScreen.swift; sourceTree = "<group>"; };
		C09A8A742C1EEE7E004DFFF6 /* AddStoryViewModel.swift */ = {isa = PBXFileReference; lastKnownFileType = sourcecode.swift; path = AddStoryViewModel.swift; sourceTree = "<group>"; };
		C09A8A762C1EEEAC004DFFF6 /* BrowseStoriesState.swift */ = {isa = PBXFileReference; lastKnownFileType = sourcecode.swift; path = BrowseStoriesState.swift; sourceTree = "<group>"; };
		C09A8A782C1EEF33004DFFF6 /* AddStoryState.swift */ = {isa = PBXFileReference; lastKnownFileType = sourcecode.swift; path = AddStoryState.swift; sourceTree = "<group>"; };
		C09A8A7A2C1EF74C004DFFF6 /* GoRouter.swift */ = {isa = PBXFileReference; lastKnownFileType = sourcecode.swift; path = GoRouter.swift; sourceTree = "<group>"; };
		C09A8A802C1F03A6004DFFF6 /* ViewStoryScreen.swift */ = {isa = PBXFileReference; lastKnownFileType = sourcecode.swift; path = ViewStoryScreen.swift; sourceTree = "<group>"; };
		C09A8A822C1F03C0004DFFF6 /* ViewStoryState.swift */ = {isa = PBXFileReference; lastKnownFileType = sourcecode.swift; path = ViewStoryState.swift; sourceTree = "<group>"; };
		C09A8A842C1F03CA004DFFF6 /* ViewStoryViewModel.swift */ = {isa = PBXFileReference; lastKnownFileType = sourcecode.swift; path = ViewStoryViewModel.swift; sourceTree = "<group>"; };
		C09A8A892C1F15F3004DFFF6 /* GetIt.swift */ = {isa = PBXFileReference; lastKnownFileType = sourcecode.swift; path = GetIt.swift; sourceTree = "<group>"; };
		C09A8A8B2C1F1DE5004DFFF6 /* ViewStoryRoute.swift */ = {isa = PBXFileReference; lastKnownFileType = sourcecode.swift; path = ViewStoryRoute.swift; sourceTree = "<group>"; };
		C09A8A8D2C1F1E01004DFFF6 /* BrowseStoriesRoute.swift */ = {isa = PBXFileReference; lastKnownFileType = sourcecode.swift; path = BrowseStoriesRoute.swift; sourceTree = "<group>"; };
		C09A8A8F2C1F1E1B004DFFF6 /* AddStoryRoute.swift */ = {isa = PBXFileReference; lastKnownFileType = sourcecode.swift; path = AddStoryRoute.swift; sourceTree = "<group>"; };
		C09A8A912C1F3AA8004DFFF6 /* Logger.swift */ = {isa = PBXFileReference; lastKnownFileType = sourcecode.swift; path = Logger.swift; sourceTree = "<group>"; };
		C09A8A942C1F3ED9004DFFF6 /* StoryItem.swift */ = {isa = PBXFileReference; lastKnownFileType = sourcecode.swift; path = StoryItem.swift; sourceTree = "<group>"; };
		C09A8A962C1F3F2D004DFFF6 /* ErrorView.swift */ = {isa = PBXFileReference; lastKnownFileType = sourcecode.swift; path = ErrorView.swift; sourceTree = "<group>"; };
		C09A8A982C1F4246004DFFF6 /* StoriesDataSourceImpl.swift */ = {isa = PBXFileReference; lastKnownFileType = sourcecode.swift; path = StoriesDataSourceImpl.swift; sourceTree = "<group>"; };
		C09A8A9A2C1F4BB8004DFFF6 /* GetLanguagesUseCase.swift */ = {isa = PBXFileReference; lastKnownFileType = sourcecode.swift; path = GetLanguagesUseCase.swift; sourceTree = "<group>"; };
		C09A8A9D2C1F56DC004DFFF6 /* OllamaService.swift */ = {isa = PBXFileReference; lastKnownFileType = sourcecode.swift; path = OllamaService.swift; sourceTree = "<group>"; };
		C09A8A9F2C1F58C6004DFFF6 /* TranslateTextUseCase.swift */ = {isa = PBXFileReference; lastKnownFileType = sourcecode.swift; path = TranslateTextUseCase.swift; sourceTree = "<group>"; };
		C09A8AA12C1F5B1E004DFFF6 /* AddStoryTranslationUseCase.swift */ = {isa = PBXFileReference; lastKnownFileType = sourcecode.swift; path = AddStoryTranslationUseCase.swift; sourceTree = "<group>"; };
/* End PBXFileReference section */

/* Begin PBXFrameworksBuildPhase section */
		C09A8A212C1866DE004DFFF6 /* Frameworks */ = {
			isa = PBXFrameworksBuildPhase;
			buildActionMask = 2147483647;
			files = (
			);
			runOnlyForDeploymentPostprocessing = 0;
		};
		C09A8A332C1866E0004DFFF6 /* Frameworks */ = {
			isa = PBXFrameworksBuildPhase;
			buildActionMask = 2147483647;
			files = (
				C00AF1FB2C200D1700733BD8 /* MockSwift in Frameworks */,
			);
			runOnlyForDeploymentPostprocessing = 0;
		};
		C09A8A3D2C1866E0004DFFF6 /* Frameworks */ = {
			isa = PBXFrameworksBuildPhase;
			buildActionMask = 2147483647;
			files = (
			);
			runOnlyForDeploymentPostprocessing = 0;
		};
/* End PBXFrameworksBuildPhase section */

/* Begin PBXGroup section */
		C00AF1DF2C1FFB8600733BD8 /* Entities */ = {
			isa = PBXGroup;
			children = (
				C00AF1E02C1FFB9500733BD8 /* StoryEntity.swift */,
				C00AF1E22C1FFBA800733BD8 /* TranslationEntity.swift */,
			);
			path = Entities;
			sourceTree = "<group>";
		};
		C00AF1E42C1FFC3300733BD8 /* Mapper */ = {
			isa = PBXGroup;
			children = (
				C00AF1E52C1FFC3F00733BD8 /* StoryMapper.swift */,
				C00AF1E72C1FFC8D00733BD8 /* TranslationMapper.swift */,
			);
			path = Mapper;
			sourceTree = "<group>";
		};
		C00AF1E92C1FFFF600733BD8 /* Arch */ = {
			isa = PBXGroup;
			children = (
				C09A8A7A2C1EF74C004DFFF6 /* GoRouter.swift */,
				C09A8A892C1F15F3004DFFF6 /* GetIt.swift */,
				C09A8A912C1F3AA8004DFFF6 /* Logger.swift */,
			);
			path = Arch;
			sourceTree = "<group>";
		};
		C00AF1EC2C2007CD00733BD8 /* Data */ = {
			isa = PBXGroup;
			children = (
				C00AF1F22C20081D00733BD8 /* StoryMapperTest.swift */,
				C00AF1F42C2009F400733BD8 /* TranslationMapperTest.swift */,
			);
			path = Data;
			sourceTree = "<group>";
		};
		C00AF1ED2C2007D300733BD8 /* Domain */ = {
			isa = PBXGroup;
			children = (
				C00AF1F62C200A5F00733BD8 /* UseCase */,
			);
			path = Domain;
			sourceTree = "<group>";
		};
		C00AF1EE2C2007E200733BD8 /* Stories */ = {
			isa = PBXGroup;
			children = (
				C00AF1F12C2007F500733BD8 /* Browse */,
				C00AF1F02C2007F100733BD8 /* Add */,
				C00AF1EF2C2007ED00733BD8 /* View */,
			);
			path = Stories;
			sourceTree = "<group>";
		};
		C00AF1EF2C2007ED00733BD8 /* View */ = {
			isa = PBXGroup;
			children = (
				C00AF2052C22131A00733BD8 /* ViewStoryViewModelTest.swift */,
			);
			path = View;
			sourceTree = "<group>";
		};
		C00AF1F02C2007F100733BD8 /* Add */ = {
			isa = PBXGroup;
			children = (
				C00AF2172C24122B00733BD8 /* AddStoryViewModelTest.swift */,
			);
			path = Add;
			sourceTree = "<group>";
		};
		C00AF1F12C2007F500733BD8 /* Browse */ = {
			isa = PBXGroup;
			children = (
				C00AF2032C201C3100733BD8 /* BrowseStoriesViewModelTest.swift */,
			);
			path = Browse;
			sourceTree = "<group>";
		};
		C00AF1F62C200A5F00733BD8 /* UseCase */ = {
			isa = PBXGroup;
			children = (
				C00AF1F72C200A6D00733BD8 /* GetStoriesUseCaseTest.swift */,
				C00AF20B2C240B8200733BD8 /* GetStoryUseCaseTest.swift */,
				C00AF20D2C240B9900733BD8 /* AddStoryUseCaseTest.swift */,
				C00AF20F2C240BA900733BD8 /* RemoveStoryUseCaseTest.swift */,
				C00AF2112C240BBA00733BD8 /* GetLanguagesUseCaseTest.swift */,
				C00AF2132C240BCA00733BD8 /* TranslateTextUseCaseTest.swift */,
				C00AF2152C240BDE00733BD8 /* AddStoryTranslationUseCaseTest.swift */,
			);
			path = UseCase;
			sourceTree = "<group>";
		};
		C00AF1FC2C200E3300733BD8 /* Mocks */ = {
			isa = PBXGroup;
			children = (
				C00AF1FF2C200F7E00733BD8 /* GeneratedMocks.swift */,
				C00AF1FD2C200F2F00733BD8 /* MockSwift.stencil */,
			);
			path = Mocks;
			sourceTree = "<group>";
		};
		C09A8A1B2C1866DE004DFFF6 = {
			isa = PBXGroup;
			children = (
				C00AF2012C20190300733BD8 /* Localizable.xcstrings */,
				C09A8A262C1866DE004DFFF6 /* storyteller */,
				C09A8A392C1866E0004DFFF6 /* storytellerTests */,
				C09A8A432C1866E0004DFFF6 /* storytellerUITests */,
				C09A8A252C1866DE004DFFF6 /* Products */,
			);
			sourceTree = "<group>";
		};
		C09A8A252C1866DE004DFFF6 /* Products */ = {
			isa = PBXGroup;
			children = (
				C09A8A242C1866DE004DFFF6 /* storyteller.app */,
				C09A8A362C1866E0004DFFF6 /* storytellerTests.xctest */,
				C09A8A402C1866E0004DFFF6 /* storytellerUITests.xctest */,
			);
			name = Products;
			sourceTree = "<group>";
		};
		C09A8A262C1866DE004DFFF6 /* storyteller */ = {
			isa = PBXGroup;
			children = (
				C09A8A932C1F3EC8004DFFF6 /* Components */,
				C09A8A672C187665004DFFF6 /* Stories */,
				C09A8A552C18689F004DFFF6 /* App */,
				C09A8A542C186899004DFFF6 /* Data */,
				C09A8A532C186893004DFFF6 /* Domain */,
				C09A8A2D2C1866DF004DFFF6 /* Assets.xcassets */,
				C09A8A2F2C1866DF004DFFF6 /* Preview Content */,
			);
			path = storyteller;
			sourceTree = "<group>";
		};
		C09A8A2F2C1866DF004DFFF6 /* Preview Content */ = {
			isa = PBXGroup;
			children = (
				C09A8A302C1866DF004DFFF6 /* Preview Assets.xcassets */,
			);
			path = "Preview Content";
			sourceTree = "<group>";
		};
		C09A8A392C1866E0004DFFF6 /* storytellerTests */ = {
			isa = PBXGroup;
			children = (
				C00AF1FC2C200E3300733BD8 /* Mocks */,
				C00AF1EE2C2007E200733BD8 /* Stories */,
				C00AF1ED2C2007D300733BD8 /* Domain */,
				C00AF1EC2C2007CD00733BD8 /* Data */,
				C00AF2072C2215DA00733BD8 /* XCTestCaseExtension.swift */,
			);
			path = storytellerTests;
			sourceTree = "<group>";
		};
		C09A8A432C1866E0004DFFF6 /* storytellerUITests */ = {
			isa = PBXGroup;
			children = (
				C09A8A442C1866E0004DFFF6 /* storytellerUITests.swift */,
				C09A8A462C1866E0004DFFF6 /* storytellerUITestsLaunchTests.swift */,
			);
			path = storytellerUITests;
			sourceTree = "<group>";
		};
		C09A8A532C186893004DFFF6 /* Domain */ = {
			isa = PBXGroup;
			children = (
				C09A8A5E2C186BA7004DFFF6 /* DataSource */,
				C09A8A572C1868CF004DFFF6 /* UseCase */,
				C09A8A562C1868C9004DFFF6 /* Model */,
			);
			path = Domain;
			sourceTree = "<group>";
		};
		C09A8A542C186899004DFFF6 /* Data */ = {
			isa = PBXGroup;
			children = (
				C00AF1E42C1FFC3300733BD8 /* Mapper */,
				C00AF1DF2C1FFB8600733BD8 /* Entities */,
				C09A8A982C1F4246004DFFF6 /* StoriesDataSourceImpl.swift */,
				C09A8A9D2C1F56DC004DFFF6 /* OllamaService.swift */,
			);
			path = Data;
			sourceTree = "<group>";
		};
		C09A8A552C18689F004DFFF6 /* App */ = {
			isa = PBXGroup;
			children = (
				C00AF1E92C1FFFF600733BD8 /* Arch */,
				C09A8A272C1866DE004DFFF6 /* StorytellerApp.swift */,
				C00AF1DD2C1FF6D100733BD8 /* GetItModule.swift */,
			);
			path = App;
			sourceTree = "<group>";
		};
		C09A8A562C1868C9004DFFF6 /* Model */ = {
			isa = PBXGroup;
			children = (
				C09A8A582C1868F4004DFFF6 /* Story.swift */,
				C09A8A5A2C186AB8004DFFF6 /* StoryTranslation.swift */,
			);
			path = Model;
			sourceTree = "<group>";
		};
		C09A8A572C1868CF004DFFF6 /* UseCase */ = {
			isa = PBXGroup;
			children = (
				C09A8A5C2C186B9B004DFFF6 /* GetStoriesUseCase.swift */,
				C09A8A612C187132004DFFF6 /* GetStoryUseCase.swift */,
				C09A8A632C187207004DFFF6 /* AddStoryUseCase.swift */,
				C09A8A6C2C1EC3F1004DFFF6 /* RemoveStoryUseCase.swift */,
				C09A8A9A2C1F4BB8004DFFF6 /* GetLanguagesUseCase.swift */,
				C09A8A9F2C1F58C6004DFFF6 /* TranslateTextUseCase.swift */,
				C09A8AA12C1F5B1E004DFFF6 /* AddStoryTranslationUseCase.swift */,
			);
			path = UseCase;
			sourceTree = "<group>";
		};
		C09A8A5E2C186BA7004DFFF6 /* DataSource */ = {
			isa = PBXGroup;
			children = (
				C09A8A5F2C186BB8004DFFF6 /* StoriesDataSource.swift */,
			);
			path = DataSource;
			sourceTree = "<group>";
		};
		C09A8A672C187665004DFFF6 /* Stories */ = {
			isa = PBXGroup;
			children = (
				C09A8A6B2C187688004DFFF6 /* View */,
				C09A8A6A2C187683004DFFF6 /* Browse */,
				C09A8A692C18767F004DFFF6 /* Add */,
			);
			path = Stories;
			sourceTree = "<group>";
		};
		C09A8A692C18767F004DFFF6 /* Add */ = {
			isa = PBXGroup;
			children = (
				C09A8A722C1EEE68004DFFF6 /* AddStoryScreen.swift */,
				C09A8A742C1EEE7E004DFFF6 /* AddStoryViewModel.swift */,
				C09A8A782C1EEF33004DFFF6 /* AddStoryState.swift */,
				C09A8A8F2C1F1E1B004DFFF6 /* AddStoryRoute.swift */,
			);
			path = Add;
			sourceTree = "<group>";
		};
		C09A8A6A2C187683004DFFF6 /* Browse */ = {
			isa = PBXGroup;
			children = (
				C09A8A6E2C1EC8CF004DFFF6 /* BrowseStoriesScreen.swift */,
				C09A8A702C1EC8E8004DFFF6 /* BrowseStoriesViewModel.swift */,
				C09A8A762C1EEEAC004DFFF6 /* BrowseStoriesState.swift */,
				C09A8A8D2C1F1E01004DFFF6 /* BrowseStoriesRoute.swift */,
			);
			path = Browse;
			sourceTree = "<group>";
		};
		C09A8A6B2C187688004DFFF6 /* View */ = {
			isa = PBXGroup;
			children = (
				C09A8A802C1F03A6004DFFF6 /* ViewStoryScreen.swift */,
				C09A8A822C1F03C0004DFFF6 /* ViewStoryState.swift */,
				C09A8A842C1F03CA004DFFF6 /* ViewStoryViewModel.swift */,
				C09A8A8B2C1F1DE5004DFFF6 /* ViewStoryRoute.swift */,
			);
			path = View;
			sourceTree = "<group>";
		};
		C09A8A932C1F3EC8004DFFF6 /* Components */ = {
			isa = PBXGroup;
			children = (
				C09A8A942C1F3ED9004DFFF6 /* StoryItem.swift */,
				C09A8A962C1F3F2D004DFFF6 /* ErrorView.swift */,
			);
			path = Components;
			sourceTree = "<group>";
		};
/* End PBXGroup section */

/* Begin PBXNativeTarget section */
		C09A8A232C1866DE004DFFF6 /* storyteller */ = {
			isa = PBXNativeTarget;
			buildConfigurationList = C09A8A4A2C1866E0004DFFF6 /* Build configuration list for PBXNativeTarget "storyteller" */;
			buildPhases = (
				C09A8A202C1866DE004DFFF6 /* Sources */,
				C09A8A212C1866DE004DFFF6 /* Frameworks */,
				C09A8A222C1866DE004DFFF6 /* Resources */,
			);
			buildRules = (
			);
			dependencies = (
			);
			name = storyteller;
			productName = storyteller;
			productReference = C09A8A242C1866DE004DFFF6 /* storyteller.app */;
			productType = "com.apple.product-type.application";
		};
		C09A8A352C1866E0004DFFF6 /* storytellerTests */ = {
			isa = PBXNativeTarget;
			buildConfigurationList = C09A8A4D2C1866E0004DFFF6 /* Build configuration list for PBXNativeTarget "storytellerTests" */;
			buildPhases = (
				C09A8A322C1866E0004DFFF6 /* Sources */,
				C09A8A332C1866E0004DFFF6 /* Frameworks */,
				C09A8A342C1866E0004DFFF6 /* Resources */,
			);
			buildRules = (
			);
			dependencies = (
				C09A8A382C1866E0004DFFF6 /* PBXTargetDependency */,
			);
			name = storytellerTests;
			packageProductDependencies = (
				C00AF1FA2C200D1700733BD8 /* MockSwift */,
			);
			productName = storytellerTests;
			productReference = C09A8A362C1866E0004DFFF6 /* storytellerTests.xctest */;
			productType = "com.apple.product-type.bundle.unit-test";
		};
		C09A8A3F2C1866E0004DFFF6 /* storytellerUITests */ = {
			isa = PBXNativeTarget;
			buildConfigurationList = C09A8A502C1866E0004DFFF6 /* Build configuration list for PBXNativeTarget "storytellerUITests" */;
			buildPhases = (
				C09A8A3C2C1866E0004DFFF6 /* Sources */,
				C09A8A3D2C1866E0004DFFF6 /* Frameworks */,
				C09A8A3E2C1866E0004DFFF6 /* Resources */,
			);
			buildRules = (
			);
			dependencies = (
				C09A8A422C1866E0004DFFF6 /* PBXTargetDependency */,
			);
			name = storytellerUITests;
			productName = storytellerUITests;
			productReference = C09A8A402C1866E0004DFFF6 /* storytellerUITests.xctest */;
			productType = "com.apple.product-type.bundle.ui-testing";
		};
/* End PBXNativeTarget section */

/* Begin PBXProject section */
		C09A8A1C2C1866DE004DFFF6 /* Project object */ = {
			isa = PBXProject;
			attributes = {
				BuildIndependentTargetsInParallel = 1;
				LastSwiftUpdateCheck = 1540;
				LastUpgradeCheck = 1540;
				TargetAttributes = {
					C09A8A232C1866DE004DFFF6 = {
						CreatedOnToolsVersion = 15.4;
					};
					C09A8A352C1866E0004DFFF6 = {
						CreatedOnToolsVersion = 15.4;
						TestTargetID = C09A8A232C1866DE004DFFF6;
					};
					C09A8A3F2C1866E0004DFFF6 = {
						CreatedOnToolsVersion = 15.4;
						TestTargetID = C09A8A232C1866DE004DFFF6;
					};
				};
			};
			buildConfigurationList = C09A8A1F2C1866DE004DFFF6 /* Build configuration list for PBXProject "storyteller" */;
			compatibilityVersion = "Xcode 14.0";
			developmentRegion = en;
			hasScannedForEncodings = 0;
			knownRegions = (
				en,
				Base,
				pl,
			);
			mainGroup = C09A8A1B2C1866DE004DFFF6;
			packageReferences = (
				C00AF1F92C200D1700733BD8 /* XCRemoteSwiftPackageReference "MockSwift" */,
			);
			productRefGroup = C09A8A252C1866DE004DFFF6 /* Products */;
			projectDirPath = "";
			projectRoot = "";
			targets = (
				C09A8A232C1866DE004DFFF6 /* storyteller */,
				C09A8A352C1866E0004DFFF6 /* storytellerTests */,
				C09A8A3F2C1866E0004DFFF6 /* storytellerUITests */,
			);
		};
/* End PBXProject section */

/* Begin PBXResourcesBuildPhase section */
		C09A8A222C1866DE004DFFF6 /* Resources */ = {
			isa = PBXResourcesBuildPhase;
			buildActionMask = 2147483647;
			files = (
				C09A8A312C1866DF004DFFF6 /* Preview Assets.xcassets in Resources */,
				C09A8A2E2C1866DF004DFFF6 /* Assets.xcassets in Resources */,
				C00AF2022C20190300733BD8 /* Localizable.xcstrings in Resources */,
			);
			runOnlyForDeploymentPostprocessing = 0;
		};
		C09A8A342C1866E0004DFFF6 /* Resources */ = {
			isa = PBXResourcesBuildPhase;
			buildActionMask = 2147483647;
			files = (
				C00AF1FE2C200F2F00733BD8 /* MockSwift.stencil in Resources */,
			);
			runOnlyForDeploymentPostprocessing = 0;
		};
		C09A8A3E2C1866E0004DFFF6 /* Resources */ = {
			isa = PBXResourcesBuildPhase;
			buildActionMask = 2147483647;
			files = (
			);
			runOnlyForDeploymentPostprocessing = 0;
		};
/* End PBXResourcesBuildPhase section */

/* Begin PBXSourcesBuildPhase section */
		C09A8A202C1866DE004DFFF6 /* Sources */ = {
			isa = PBXSourcesBuildPhase;
			buildActionMask = 2147483647;
			files = (
				C09A8A752C1EEE7E004DFFF6 /* AddStoryViewModel.swift in Sources */,
				C09A8A8E2C1F1E01004DFFF6 /* BrowseStoriesRoute.swift in Sources */,
				C09A8A852C1F03CA004DFFF6 /* ViewStoryViewModel.swift in Sources */,
				C09A8A642C187207004DFFF6 /* AddStoryUseCase.swift in Sources */,
				C00AF1E62C1FFC3F00733BD8 /* StoryMapper.swift in Sources */,
				C09A8A8A2C1F15F3004DFFF6 /* GetIt.swift in Sources */,
				C09A8A992C1F4246004DFFF6 /* StoriesDataSourceImpl.swift in Sources */,
				C09A8A5D2C186B9B004DFFF6 /* GetStoriesUseCase.swift in Sources */,
				C09A8A622C187132004DFFF6 /* GetStoryUseCase.swift in Sources */,
				C09A8AA22C1F5B1E004DFFF6 /* AddStoryTranslationUseCase.swift in Sources */,
				C09A8A922C1F3AA8004DFFF6 /* Logger.swift in Sources */,
				C00AF1E12C1FFB9500733BD8 /* StoryEntity.swift in Sources */,
				C09A8A5B2C186AB8004DFFF6 /* StoryTranslation.swift in Sources */,
				C09A8A772C1EEEAC004DFFF6 /* BrowseStoriesState.swift in Sources */,
				C00AF1DE2C1FF6D100733BD8 /* GetItModule.swift in Sources */,
				C09A8A972C1F3F2D004DFFF6 /* ErrorView.swift in Sources */,
				C09A8A732C1EEE68004DFFF6 /* AddStoryScreen.swift in Sources */,
				C09A8A282C1866DE004DFFF6 /* StorytellerApp.swift in Sources */,
				C09A8A9B2C1F4BB8004DFFF6 /* GetLanguagesUseCase.swift in Sources */,
				C09A8A7B2C1EF74C004DFFF6 /* GoRouter.swift in Sources */,
				C09A8A602C186BB8004DFFF6 /* StoriesDataSource.swift in Sources */,
				C00AF1E82C1FFC8D00733BD8 /* TranslationMapper.swift in Sources */,
				C09A8A6D2C1EC3F1004DFFF6 /* RemoveStoryUseCase.swift in Sources */,
				C09A8AA02C1F58C6004DFFF6 /* TranslateTextUseCase.swift in Sources */,
				C09A8A712C1EC8E8004DFFF6 /* BrowseStoriesViewModel.swift in Sources */,
				C09A8A9E2C1F56DC004DFFF6 /* OllamaService.swift in Sources */,
				C09A8A592C1868F4004DFFF6 /* Story.swift in Sources */,
				C09A8A832C1F03C0004DFFF6 /* ViewStoryState.swift in Sources */,
				C09A8A952C1F3ED9004DFFF6 /* StoryItem.swift in Sources */,
				C00AF1E32C1FFBA800733BD8 /* TranslationEntity.swift in Sources */,
				C09A8A8C2C1F1DE5004DFFF6 /* ViewStoryRoute.swift in Sources */,
				C09A8A812C1F03A6004DFFF6 /* ViewStoryScreen.swift in Sources */,
				C09A8A6F2C1EC8CF004DFFF6 /* BrowseStoriesScreen.swift in Sources */,
				C09A8A792C1EEF33004DFFF6 /* AddStoryState.swift in Sources */,
				C09A8A902C1F1E1B004DFFF6 /* AddStoryRoute.swift in Sources */,
			);
			runOnlyForDeploymentPostprocessing = 0;
		};
		C09A8A322C1866E0004DFFF6 /* Sources */ = {
			isa = PBXSourcesBuildPhase;
			buildActionMask = 2147483647;
			files = (
				C00AF2162C240BDE00733BD8 /* AddStoryTranslationUseCaseTest.swift in Sources */,
				C00AF2082C2215DA00733BD8 /* XCTestCaseExtension.swift in Sources */,
				C00AF1F82C200A6D00733BD8 /* GetStoriesUseCaseTest.swift in Sources */,
				C00AF2122C240BBA00733BD8 /* GetLanguagesUseCaseTest.swift in Sources */,
				C00AF1F32C20081D00733BD8 /* StoryMapperTest.swift in Sources */,
				C00AF2042C201C3100733BD8 /* BrowseStoriesViewModelTest.swift in Sources */,
				C00AF1F52C2009F400733BD8 /* TranslationMapperTest.swift in Sources */,
				C00AF2102C240BA900733BD8 /* RemoveStoryUseCaseTest.swift in Sources */,
				C00AF2182C24122B00733BD8 /* AddStoryViewModelTest.swift in Sources */,
				C00AF20E2C240B9900733BD8 /* AddStoryUseCaseTest.swift in Sources */,
				C00AF2062C22131A00733BD8 /* ViewStoryViewModelTest.swift in Sources */,
				C00AF2142C240BCA00733BD8 /* TranslateTextUseCaseTest.swift in Sources */,
				C00AF20C2C240B8200733BD8 /* GetStoryUseCaseTest.swift in Sources */,
				C00AF2002C200F7E00733BD8 /* GeneratedMocks.swift in Sources */,
			);
			runOnlyForDeploymentPostprocessing = 0;
		};
		C09A8A3C2C1866E0004DFFF6 /* Sources */ = {
			isa = PBXSourcesBuildPhase;
			buildActionMask = 2147483647;
			files = (
				C09A8A472C1866E0004DFFF6 /* storytellerUITestsLaunchTests.swift in Sources */,
				C09A8A452C1866E0004DFFF6 /* storytellerUITests.swift in Sources */,
			);
			runOnlyForDeploymentPostprocessing = 0;
		};
/* End PBXSourcesBuildPhase section */

/* Begin PBXTargetDependency section */
		C09A8A382C1866E0004DFFF6 /* PBXTargetDependency */ = {
			isa = PBXTargetDependency;
			target = C09A8A232C1866DE004DFFF6 /* storyteller */;
			targetProxy = C09A8A372C1866E0004DFFF6 /* PBXContainerItemProxy */;
		};
		C09A8A422C1866E0004DFFF6 /* PBXTargetDependency */ = {
			isa = PBXTargetDependency;
			target = C09A8A232C1866DE004DFFF6 /* storyteller */;
			targetProxy = C09A8A412C1866E0004DFFF6 /* PBXContainerItemProxy */;
		};
/* End PBXTargetDependency section */

/* Begin XCBuildConfiguration section */
		C09A8A482C1866E0004DFFF6 /* Debug */ = {
			isa = XCBuildConfiguration;
			buildSettings = {
				ALWAYS_SEARCH_USER_PATHS = NO;
				ASSETCATALOG_COMPILER_GENERATE_SWIFT_ASSET_SYMBOL_EXTENSIONS = YES;
				CLANG_ANALYZER_NONNULL = YES;
				CLANG_ANALYZER_NUMBER_OBJECT_CONVERSION = YES_AGGRESSIVE;
				CLANG_CXX_LANGUAGE_STANDARD = "gnu++20";
				CLANG_ENABLE_MODULES = YES;
				CLANG_ENABLE_OBJC_ARC = YES;
				CLANG_ENABLE_OBJC_WEAK = YES;
				CLANG_WARN_BLOCK_CAPTURE_AUTORELEASING = YES;
				CLANG_WARN_BOOL_CONVERSION = YES;
				CLANG_WARN_COMMA = YES;
				CLANG_WARN_CONSTANT_CONVERSION = YES;
				CLANG_WARN_DEPRECATED_OBJC_IMPLEMENTATIONS = YES;
				CLANG_WARN_DIRECT_OBJC_ISA_USAGE = YES_ERROR;
				CLANG_WARN_DOCUMENTATION_COMMENTS = YES;
				CLANG_WARN_EMPTY_BODY = YES;
				CLANG_WARN_ENUM_CONVERSION = YES;
				CLANG_WARN_INFINITE_RECURSION = YES;
				CLANG_WARN_INT_CONVERSION = YES;
				CLANG_WARN_NON_LITERAL_NULL_CONVERSION = YES;
				CLANG_WARN_OBJC_IMPLICIT_RETAIN_SELF = YES;
				CLANG_WARN_OBJC_LITERAL_CONVERSION = YES;
				CLANG_WARN_OBJC_ROOT_CLASS = YES_ERROR;
				CLANG_WARN_QUOTED_INCLUDE_IN_FRAMEWORK_HEADER = YES;
				CLANG_WARN_RANGE_LOOP_ANALYSIS = YES;
				CLANG_WARN_STRICT_PROTOTYPES = YES;
				CLANG_WARN_SUSPICIOUS_MOVE = YES;
				CLANG_WARN_UNGUARDED_AVAILABILITY = YES_AGGRESSIVE;
				CLANG_WARN_UNREACHABLE_CODE = YES;
				CLANG_WARN__DUPLICATE_METHOD_MATCH = YES;
				COPY_PHASE_STRIP = NO;
				DEBUG_INFORMATION_FORMAT = dwarf;
				ENABLE_STRICT_OBJC_MSGSEND = YES;
				ENABLE_TESTABILITY = YES;
				ENABLE_USER_SCRIPT_SANDBOXING = YES;
				GCC_C_LANGUAGE_STANDARD = gnu17;
				GCC_DYNAMIC_NO_PIC = NO;
				GCC_NO_COMMON_BLOCKS = YES;
				GCC_OPTIMIZATION_LEVEL = 0;
				GCC_PREPROCESSOR_DEFINITIONS = (
					"DEBUG=1",
					"$(inherited)",
				);
				GCC_WARN_64_TO_32_BIT_CONVERSION = YES;
				GCC_WARN_ABOUT_RETURN_TYPE = YES_ERROR;
				GCC_WARN_UNDECLARED_SELECTOR = YES;
				GCC_WARN_UNINITIALIZED_AUTOS = YES_AGGRESSIVE;
				GCC_WARN_UNUSED_FUNCTION = YES;
				GCC_WARN_UNUSED_VARIABLE = YES;
				IPHONEOS_DEPLOYMENT_TARGET = 17.5;
				LOCALIZATION_PREFERS_STRING_CATALOGS = YES;
				MTL_ENABLE_DEBUG_INFO = INCLUDE_SOURCE;
				MTL_FAST_MATH = YES;
				ONLY_ACTIVE_ARCH = YES;
				SDKROOT = iphoneos;
				SWIFT_ACTIVE_COMPILATION_CONDITIONS = "DEBUG $(inherited)";
				SWIFT_OPTIMIZATION_LEVEL = "-Onone";
			};
			name = Debug;
		};
		C09A8A492C1866E0004DFFF6 /* Release */ = {
			isa = XCBuildConfiguration;
			buildSettings = {
				ALWAYS_SEARCH_USER_PATHS = NO;
				ASSETCATALOG_COMPILER_GENERATE_SWIFT_ASSET_SYMBOL_EXTENSIONS = YES;
				CLANG_ANALYZER_NONNULL = YES;
				CLANG_ANALYZER_NUMBER_OBJECT_CONVERSION = YES_AGGRESSIVE;
				CLANG_CXX_LANGUAGE_STANDARD = "gnu++20";
				CLANG_ENABLE_MODULES = YES;
				CLANG_ENABLE_OBJC_ARC = YES;
				CLANG_ENABLE_OBJC_WEAK = YES;
				CLANG_WARN_BLOCK_CAPTURE_AUTORELEASING = YES;
				CLANG_WARN_BOOL_CONVERSION = YES;
				CLANG_WARN_COMMA = YES;
				CLANG_WARN_CONSTANT_CONVERSION = YES;
				CLANG_WARN_DEPRECATED_OBJC_IMPLEMENTATIONS = YES;
				CLANG_WARN_DIRECT_OBJC_ISA_USAGE = YES_ERROR;
				CLANG_WARN_DOCUMENTATION_COMMENTS = YES;
				CLANG_WARN_EMPTY_BODY = YES;
				CLANG_WARN_ENUM_CONVERSION = YES;
				CLANG_WARN_INFINITE_RECURSION = YES;
				CLANG_WARN_INT_CONVERSION = YES;
				CLANG_WARN_NON_LITERAL_NULL_CONVERSION = YES;
				CLANG_WARN_OBJC_IMPLICIT_RETAIN_SELF = YES;
				CLANG_WARN_OBJC_LITERAL_CONVERSION = YES;
				CLANG_WARN_OBJC_ROOT_CLASS = YES_ERROR;
				CLANG_WARN_QUOTED_INCLUDE_IN_FRAMEWORK_HEADER = YES;
				CLANG_WARN_RANGE_LOOP_ANALYSIS = YES;
				CLANG_WARN_STRICT_PROTOTYPES = YES;
				CLANG_WARN_SUSPICIOUS_MOVE = YES;
				CLANG_WARN_UNGUARDED_AVAILABILITY = YES_AGGRESSIVE;
				CLANG_WARN_UNREACHABLE_CODE = YES;
				CLANG_WARN__DUPLICATE_METHOD_MATCH = YES;
				COPY_PHASE_STRIP = NO;
				DEBUG_INFORMATION_FORMAT = "dwarf-with-dsym";
				ENABLE_NS_ASSERTIONS = NO;
				ENABLE_STRICT_OBJC_MSGSEND = YES;
				ENABLE_USER_SCRIPT_SANDBOXING = YES;
				GCC_C_LANGUAGE_STANDARD = gnu17;
				GCC_NO_COMMON_BLOCKS = YES;
				GCC_WARN_64_TO_32_BIT_CONVERSION = YES;
				GCC_WARN_ABOUT_RETURN_TYPE = YES_ERROR;
				GCC_WARN_UNDECLARED_SELECTOR = YES;
				GCC_WARN_UNINITIALIZED_AUTOS = YES_AGGRESSIVE;
				GCC_WARN_UNUSED_FUNCTION = YES;
				GCC_WARN_UNUSED_VARIABLE = YES;
				IPHONEOS_DEPLOYMENT_TARGET = 17.5;
				LOCALIZATION_PREFERS_STRING_CATALOGS = YES;
				MTL_ENABLE_DEBUG_INFO = NO;
				MTL_FAST_MATH = YES;
				SDKROOT = iphoneos;
				SWIFT_COMPILATION_MODE = wholemodule;
				VALIDATE_PRODUCT = YES;
			};
			name = Release;
		};
		C09A8A4B2C1866E0004DFFF6 /* Debug */ = {
			isa = XCBuildConfiguration;
			buildSettings = {
				ASSETCATALOG_COMPILER_APPICON_NAME = AppIcon;
				ASSETCATALOG_COMPILER_GLOBAL_ACCENT_COLOR_NAME = AccentColor;
				CODE_SIGN_STYLE = Automatic;
				CURRENT_PROJECT_VERSION = 1;
				DEVELOPMENT_ASSET_PATHS = "\"storyteller/Preview Content\"";
				DEVELOPMENT_TEAM = 82KA88P5F3;
				ENABLE_PREVIEWS = YES;
				GENERATE_INFOPLIST_FILE = YES;
				INFOPLIST_KEY_UIApplicationSceneManifest_Generation = YES;
				INFOPLIST_KEY_UIApplicationSupportsIndirectInputEvents = YES;
				INFOPLIST_KEY_UILaunchScreen_Generation = YES;
				INFOPLIST_KEY_UISupportedInterfaceOrientations_iPad = "UIInterfaceOrientationPortrait UIInterfaceOrientationPortraitUpsideDown UIInterfaceOrientationLandscapeLeft UIInterfaceOrientationLandscapeRight";
				INFOPLIST_KEY_UISupportedInterfaceOrientations_iPhone = "UIInterfaceOrientationPortrait UIInterfaceOrientationLandscapeLeft UIInterfaceOrientationLandscapeRight";
				LD_RUNPATH_SEARCH_PATHS = (
					"$(inherited)",
					"@executable_path/Frameworks",
				);
				MARKETING_VERSION = 1.0;
				PRODUCT_BUNDLE_IDENTIFIER = pl.gratitude.storyteller;
				PRODUCT_NAME = "$(TARGET_NAME)";
				SWIFT_EMIT_LOC_STRINGS = YES;
				SWIFT_VERSION = 5.0;
				TARGETED_DEVICE_FAMILY = "1,2";
			};
			name = Debug;
		};
		C09A8A4C2C1866E0004DFFF6 /* Release */ = {
			isa = XCBuildConfiguration;
			buildSettings = {
				ASSETCATALOG_COMPILER_APPICON_NAME = AppIcon;
				ASSETCATALOG_COMPILER_GLOBAL_ACCENT_COLOR_NAME = AccentColor;
				CODE_SIGN_STYLE = Automatic;
				CURRENT_PROJECT_VERSION = 1;
				DEVELOPMENT_ASSET_PATHS = "\"storyteller/Preview Content\"";
				DEVELOPMENT_TEAM = 82KA88P5F3;
				ENABLE_PREVIEWS = YES;
				GENERATE_INFOPLIST_FILE = YES;
				INFOPLIST_KEY_UIApplicationSceneManifest_Generation = YES;
				INFOPLIST_KEY_UIApplicationSupportsIndirectInputEvents = YES;
				INFOPLIST_KEY_UILaunchScreen_Generation = YES;
				INFOPLIST_KEY_UISupportedInterfaceOrientations_iPad = "UIInterfaceOrientationPortrait UIInterfaceOrientationPortraitUpsideDown UIInterfaceOrientationLandscapeLeft UIInterfaceOrientationLandscapeRight";
				INFOPLIST_KEY_UISupportedInterfaceOrientations_iPhone = "UIInterfaceOrientationPortrait UIInterfaceOrientationLandscapeLeft UIInterfaceOrientationLandscapeRight";
				LD_RUNPATH_SEARCH_PATHS = (
					"$(inherited)",
					"@executable_path/Frameworks",
				);
				MARKETING_VERSION = 1.0;
				PRODUCT_BUNDLE_IDENTIFIER = pl.gratitude.storyteller;
				PRODUCT_NAME = "$(TARGET_NAME)";
				SWIFT_EMIT_LOC_STRINGS = YES;
				SWIFT_VERSION = 5.0;
				TARGETED_DEVICE_FAMILY = "1,2";
			};
			name = Release;
		};
		C09A8A4E2C1866E0004DFFF6 /* Debug */ = {
			isa = XCBuildConfiguration;
			buildSettings = {
				ALWAYS_EMBED_SWIFT_STANDARD_LIBRARIES = YES;
				BUNDLE_LOADER = "$(TEST_HOST)";
				CODE_SIGN_STYLE = Automatic;
				CURRENT_PROJECT_VERSION = 1;
				DEVELOPMENT_TEAM = 82KA88P5F3;
				GENERATE_INFOPLIST_FILE = YES;
				IPHONEOS_DEPLOYMENT_TARGET = 17.5;
				MARKETING_VERSION = 1.0;
				PRODUCT_BUNDLE_IDENTIFIER = pl.gratitude.storytellerTests;
				PRODUCT_NAME = "$(TARGET_NAME)";
				SWIFT_EMIT_LOC_STRINGS = NO;
				SWIFT_VERSION = 5.0;
				TARGETED_DEVICE_FAMILY = "1,2";
				TEST_HOST = "$(BUILT_PRODUCTS_DIR)/storyteller.app/$(BUNDLE_EXECUTABLE_FOLDER_PATH)/storyteller";
			};
			name = Debug;
		};
		C09A8A4F2C1866E0004DFFF6 /* Release */ = {
			isa = XCBuildConfiguration;
			buildSettings = {
				ALWAYS_EMBED_SWIFT_STANDARD_LIBRARIES = YES;
				BUNDLE_LOADER = "$(TEST_HOST)";
				CODE_SIGN_STYLE = Automatic;
				CURRENT_PROJECT_VERSION = 1;
				DEVELOPMENT_TEAM = 82KA88P5F3;
				GENERATE_INFOPLIST_FILE = YES;
				IPHONEOS_DEPLOYMENT_TARGET = 17.5;
				MARKETING_VERSION = 1.0;
				PRODUCT_BUNDLE_IDENTIFIER = pl.gratitude.storytellerTests;
				PRODUCT_NAME = "$(TARGET_NAME)";
				SWIFT_EMIT_LOC_STRINGS = NO;
				SWIFT_VERSION = 5.0;
				TARGETED_DEVICE_FAMILY = "1,2";
				TEST_HOST = "$(BUILT_PRODUCTS_DIR)/storyteller.app/$(BUNDLE_EXECUTABLE_FOLDER_PATH)/storyteller";
			};
			name = Release;
		};
		C09A8A512C1866E0004DFFF6 /* Debug */ = {
			isa = XCBuildConfiguration;
			buildSettings = {
				ALWAYS_EMBED_SWIFT_STANDARD_LIBRARIES = YES;
				CODE_SIGN_STYLE = Automatic;
				CURRENT_PROJECT_VERSION = 1;
				DEVELOPMENT_TEAM = 82KA88P5F3;
				GENERATE_INFOPLIST_FILE = YES;
				MARKETING_VERSION = 1.0;
				PRODUCT_BUNDLE_IDENTIFIER = pl.gratitude.storytellerUITests;
				PRODUCT_NAME = "$(TARGET_NAME)";
				SWIFT_EMIT_LOC_STRINGS = NO;
				SWIFT_VERSION = 5.0;
				TARGETED_DEVICE_FAMILY = "1,2";
				TEST_TARGET_NAME = storyteller;
			};
			name = Debug;
		};
		C09A8A522C1866E0004DFFF6 /* Release */ = {
			isa = XCBuildConfiguration;
			buildSettings = {
				ALWAYS_EMBED_SWIFT_STANDARD_LIBRARIES = YES;
				CODE_SIGN_STYLE = Automatic;
				CURRENT_PROJECT_VERSION = 1;
				DEVELOPMENT_TEAM = 82KA88P5F3;
				GENERATE_INFOPLIST_FILE = YES;
				MARKETING_VERSION = 1.0;
				PRODUCT_BUNDLE_IDENTIFIER = pl.gratitude.storytellerUITests;
				PRODUCT_NAME = "$(TARGET_NAME)";
				SWIFT_EMIT_LOC_STRINGS = NO;
				SWIFT_VERSION = 5.0;
				TARGETED_DEVICE_FAMILY = "1,2";
				TEST_TARGET_NAME = storyteller;
			};
			name = Release;
		};
/* End XCBuildConfiguration section */

/* Begin XCConfigurationList section */
		C09A8A1F2C1866DE004DFFF6 /* Build configuration list for PBXProject "storyteller" */ = {
			isa = XCConfigurationList;
			buildConfigurations = (
				C09A8A482C1866E0004DFFF6 /* Debug */,
				C09A8A492C1866E0004DFFF6 /* Release */,
			);
			defaultConfigurationIsVisible = 0;
			defaultConfigurationName = Release;
		};
		C09A8A4A2C1866E0004DFFF6 /* Build configuration list for PBXNativeTarget "storyteller" */ = {
			isa = XCConfigurationList;
			buildConfigurations = (
				C09A8A4B2C1866E0004DFFF6 /* Debug */,
				C09A8A4C2C1866E0004DFFF6 /* Release */,
			);
			defaultConfigurationIsVisible = 0;
			defaultConfigurationName = Release;
		};
		C09A8A4D2C1866E0004DFFF6 /* Build configuration list for PBXNativeTarget "storytellerTests" */ = {
			isa = XCConfigurationList;
			buildConfigurations = (
				C09A8A4E2C1866E0004DFFF6 /* Debug */,
				C09A8A4F2C1866E0004DFFF6 /* Release */,
			);
			defaultConfigurationIsVisible = 0;
			defaultConfigurationName = Release;
		};
		C09A8A502C1866E0004DFFF6 /* Build configuration list for PBXNativeTarget "storytellerUITests" */ = {
			isa = XCConfigurationList;
			buildConfigurations = (
				C09A8A512C1866E0004DFFF6 /* Debug */,
				C09A8A522C1866E0004DFFF6 /* Release */,
			);
			defaultConfigurationIsVisible = 0;
			defaultConfigurationName = Release;
		};
/* End XCConfigurationList section */

/* Begin XCRemoteSwiftPackageReference section */
		C00AF1F92C200D1700733BD8 /* XCRemoteSwiftPackageReference "MockSwift" */ = {
			isa = XCRemoteSwiftPackageReference;
			repositoryURL = "git@github.com:leoture/MockSwift.git";
			requirement = {
				branch = master;
				kind = branch;
			};
		};
/* End XCRemoteSwiftPackageReference section */

/* Begin XCSwiftPackageProductDependency section */
		C00AF1FA2C200D1700733BD8 /* MockSwift */ = {
			isa = XCSwiftPackageProductDependency;
			package = C00AF1F92C200D1700733BD8 /* XCRemoteSwiftPackageReference "MockSwift" */;
			productName = MockSwift;
		};
/* End XCSwiftPackageProductDependency section */
	};
	rootObject = C09A8A1C2C1866DE004DFFF6 /* Project object */;
}
